<?xml version="1.0" encoding="utf-8"?>
<Project ToolsVersion="4.0" xmlns="http://schemas.microsoft.com/developer/msbuild/2003">
  <ItemGroup>
    <Filter Include="Quellcodedateien">
      <UniqueIdentifier>{65e34adc-392a-455b-9b5d-c58bc418647d}</UniqueIdentifier>
      <Extensions>cpp;c;cxx;rc;def;r;odl;idl;hpj;bat</Extensions>
    </Filter>
    <Filter Include="Header-Dateien">
      <UniqueIdentifier>{2eb5835f-f40d-4e29-8b19-424839f63e91}</UniqueIdentifier>
      <Extensions>h;hpp;hxx;hm;inl</Extensions>
    </Filter>
    <Filter Include="Ressourcendateien">
      <UniqueIdentifier>{74afdf69-34ed-41a3-8ee0-ab4a40f0e389}</UniqueIdentifier>
      <Extensions>ico;cur;bmp;dlg;rc2;rct;bin;rgs;gif;jpg;jpeg;jpe</Extensions>
    </Filter>
  </ItemGroup>
  <ItemGroup>
    <ClCompile Include="Dlg_RS232.cpp">
      <Filter>Quellcodedateien</Filter>
    </ClCompile>
    <ClCompile Include="LeftView.cpp">
      <Filter>Quellcodedateien</Filter>
    </ClCompile>
    <ClCompile Include="MainFrm.cpp">
      <Filter>Quellcodedateien</Filter>
    </ClCompile>
    <ClCompile Include="MPortExplorer.cpp">
      <Filter>Quellcodedateien</Filter>
    </ClCompile>
    <ClCompile Include="MPortExplorerDoc.cpp">
      <Filter>Quellcodedateien</Filter>
    </ClCompile>
    <ClCompile Include="MPortExplorerView.cpp">
      <Filter>Quellcodedateien</Filter>
    </ClCompile>
    <ClCompile Include="Sink.cpp">
      <Filter>Quellcodedateien</Filter>
    </ClCompile>
    <ClCompile Include="StdAfx.cpp">
      <Filter>Quellcodedateien</Filter>
    </ClCompile>
  </ItemGroup>
  <ItemGroup>
    <ResourceCompile Include="MPortExplorer.rc">
      <Filter>Quellcodedateien</Filter>
    </ResourceCompile>
  </ItemGroup>
  <ItemGroup>
    <ClInclude Include="Dlg_RS232.h">
      <Filter>Header-Dateien</Filter>
    </ClInclude>
    <ClInclude Include="LeftView.h">
      <Filter>Header-Dateien</Filter>
    </ClInclude>
    <ClInclude Include="MainFrm.h">
      <Filter>Header-Dateien</Filter>
    </ClInclude>
    <ClInclude Include="MPortExplorer.h">
      <Filter>Header-Dateien</Filter>
    </ClInclude>
    <ClInclude Include="MPortExplorerDoc.h">
      <Filter>Header-Dateien</Filter>
    </ClInclude>
    <ClInclude Include="MPortExplorerView.h">
      <Filter>Header-Dateien</Filter>
    </ClInclude>
    <ClInclude Include="Resource.h">
      <Filter>Header-Dateien</Filter>
    </ClInclude>
    <ClInclude Include="SerialPortEvents.h">
      <Filter>Header-Dateien</Filter>
    </ClInclude>
    <ClInclude Include="Sink.h">
      <Filter>Header-Dateien</Filter>
    </ClInclude>
    <ClInclude Include="StdAfx.h">
      <Filter>Header-Dateien</Filter>
    </ClInclude>
  </ItemGroup>
  <ItemGroup>
    <Image Include="res\MPortExplorer.ico">
      <Filter>Ressourcendateien</Filter>
    </Image>
    <Image Include="res\MPortExplorerDoc.ico">
      <Filter>Ressourcendateien</Filter>
    </Image>
    <Image Include="res\Toolbar.bmp">
      <Filter>Ressourcendateien</Filter>
    </Image>
  </ItemGroup>
  <ItemGroup>
    <None Include="res\MPortExplorer.rc2">
      <Filter>Ressourcendateien</Filter>
    </None>
    <None Include="MPortExplorer.reg" />
  </ItemGroup>
  <ItemGroup>
    <Text Include="ReadMe.txt" />
  </ItemGroup>
</Project>