
Microsoft Visual Studio Solution File, Format Version 12.00
# Visual Studio Version 16
VisualStudioVersion = 16.0.31402.337
MinimumVisualStudioVersion = 10.0.40219.1
Project("{8BC9CEB8-8B4A-11D0-8D11-00A0C91BC942}") = "DPortPS", "DPortPS.vcxproj", "{1E902C28-B133-4D54-A7B0-5F129849621A}"
EndProject
Global
	GlobalSection(SolutionConfigurationPlatforms) = preSolution
		Debug|x86 = Debug|x86
		Release|x86 = Release|x86
	EndGlobalSection
	GlobalSection(ProjectConfigurationPlatforms) = postSolution
		{1E902C28-B133-4D54-A7B0-5F129849621A}.Debug|x86.ActiveCfg = Debug|Win32
		{1E902C28-B133-4D54-A7B0-5F129849621A}.Debug|x86.Build.0 = Debug|Win32
		{1E902C28-B133-4D54-A7B0-5F129849621A}.Release|x86.ActiveCfg = Release|Win32
		{1E902C28-B133-4D54-A7B0-5F129849621A}.Release|x86.Build.0 = Release|Win32
	EndGlobalSection
	GlobalSection(SolutionProperties) = preSolution
		HideSolutionNode = FALSE
	EndGlobalSection
	GlobalSection(ExtensibilityGlobals) = postSolution
		SolutionGuid = {1C4123D6-9DB2-4CD4-A253-A51F420D5B19}
	EndGlobalSection
EndGlobal
