<?xml version="1.0" encoding="utf-8"?>
<Project ToolsVersion="4.0" xmlns="http://schemas.microsoft.com/developer/msbuild/2003">
  <ItemGroup>
    <Filter Include="Source Files">
      <UniqueIdentifier>{4FC737F1-C7A5-4376-A066-2A32D752A2FF}</UniqueIdentifier>
      <Extensions>cpp;c;cc;cxx;def;odl;idl;hpj;bat;asm;asmx</Extensions>
    </Filter>
    <Filter Include="Header Files">
      <UniqueIdentifier>{93995380-89BD-4b04-88EB-625FBE52EBFB}</UniqueIdentifier>
      <Extensions>h;hpp;hxx;hm;inl;inc;xsd</Extensions>
    </Filter>
    <Filter Include="Resource Files">
      <UniqueIdentifier>{67DA6AB6-F800-4c08-8B7A-83BB121AAD01}</UniqueIdentifier>
      <Extensions>rc;ico;cur;bmp;dlg;rc2;rct;bin;rgs;gif;jpg;jpeg;jpe;resx;tiff;tif;png;wav</Extensions>
    </Filter>
    <Filter Include="Generated Files">
      <UniqueIdentifier>{4c29d9b7-eebc-4c99-aeef-10eb101f7a39}</UniqueIdentifier>
      <SourceControlFiles>False</SourceControlFiles>
    </Filter>
    <Filter Include="SerialPort">
      <UniqueIdentifier>{e1360dd9-ac1a-4cfb-9392-3bf2970529a9}</UniqueIdentifier>
    </Filter>
    <Filter Include="SerialSink">
      <UniqueIdentifier>{8b280da8-1975-499a-b698-253634852fd7}</UniqueIdentifier>
    </Filter>
    <Filter Include="Connector">
      <UniqueIdentifier>{13d0e76f-8650-439c-bc34-8ccf2285847d}</UniqueIdentifier>
    </Filter>
  </ItemGroup>
  <ItemGroup>
    <ClCompile Include="dllmain.cpp">
      <Filter>Source Files</Filter>
    </ClCompile>
    <ClCompile Include="DPort.cpp">
      <Filter>Source Files</Filter>
    </ClCompile>
    <ClCompile Include="stdafx.cpp">
      <Filter>Source Files</Filter>
    </ClCompile>
    <ClCompile Include="DPort_i.c">
      <Filter>Generated Files</Filter>
    </ClCompile>
    <ClCompile Include="SerialPort.cpp">
      <Filter>SerialPort</Filter>
    </ClCompile>
    <ClCompile Include="SerialSink.cpp">
      <Filter>SerialSink</Filter>
    </ClCompile>
    <ClCompile Include="SmartConnector.cpp">
      <Filter>Connector</Filter>
    </ClCompile>
  </ItemGroup>
  <ItemGroup>
    <None Include="DPort.def">
      <Filter>Source Files</Filter>
    </None>
    <None Include="DPort.rgs">
      <Filter>Resource Files</Filter>
    </None>
    <None Include="SerialPort.rgs">
      <Filter>Resource Files</Filter>
    </None>
    <None Include="SerialPort1.rgs">
      <Filter>Resource Files</Filter>
    </None>
    <None Include="SerialSink.rgs">
      <Filter>Resource Files</Filter>
    </None>
    <None Include="ClassDiagram.cd" />
    <None Include="ClassDiagram1.cd" />
  </ItemGroup>
  <ItemGroup>
    <Midl Include="DPort.idl">
      <Filter>Source Files</Filter>
    </Midl>
  </ItemGroup>
  <ItemGroup>
    <ClInclude Include="dllmain.h">
      <Filter>Header Files</Filter>
    </ClInclude>
    <ClInclude Include="Resource.h">
      <Filter>Header Files</Filter>
    </ClInclude>
    <ClInclude Include="stdafx.h">
      <Filter>Header Files</Filter>
    </ClInclude>
    <ClInclude Include="targetver.h">
      <Filter>Header Files</Filter>
    </ClInclude>
    <ClInclude Include="DPort_i.h">
      <Filter>Generated Files</Filter>
    </ClInclude>
    <ClInclude Include="SerialPort.h">
      <Filter>SerialPort</Filter>
    </ClInclude>
    <ClInclude Include="SerialSink.h">
      <Filter>SerialSink</Filter>
    </ClInclude>
    <ClInclude Include="ISerialSink_CP.H">
      <Filter>SerialSink</Filter>
    </ClInclude>
    <ClInclude Include="_ISerialPortEvents_CP.h">
      <Filter>SerialPort</Filter>
    </ClInclude>
    <ClInclude Include="SmartConnector.h">
      <Filter>Connector</Filter>
    </ClInclude>
  </ItemGroup>
  <ItemGroup>
    <ResourceCompile Include="DPort.rc">
      <Filter>Resource Files</Filter>
    </ResourceCompile>
  </ItemGroup>
  <ItemGroup>
    <Text Include="ReadMe.txt" />
  </ItemGroup>
</Project>